
Microsoft Visual Studio Solution File, Format Version 12.00
# Visual Studio Version 17
VisualStudioVersion = 17.4.33122.133
MinimumVisualStudioVersion = 10.0.40219.1
Project("{9A19103F-16F7-4668-BE54-9A1E7A4F7556}") = "Company.API", "Company.API\Company.API.csproj", "{4CBE00FC-85BB-4ED3-8BF4-84E95C1DE967}"
EndProject
Project("{FAE04EC0-301F-11D3-BF4B-00C04F79EFBC}") = "Company.Common", "Company.Common\Company.Common.csproj", "{3D1F49EC-DDC7-40B0-92E3-4EA853DE1DCC}"
EndProject
Project("{FAE04EC0-301F-11D3-BF4B-00C04F79EFBC}") = "Company.Data", "Company.Data\Company.Data.csproj", "{554B02F5-3636-4AAB-90F7-CDAADFCA6F9B}"
EndProject
Global
	GlobalSection(SolutionConfigurationPlatforms) = preSolution
		Debug|Any CPU = Debug|Any CPU
		Release|Any CPU = Release|Any CPU
	EndGlobalSection
	GlobalSection(ProjectConfigurationPlatforms) = postSolution
		{4CBE00FC-85BB-4ED3-8BF4-84E95C1DE967}.Debug|Any CPU.ActiveCfg = Debug|Any CPU
		{4CBE00FC-85BB-4ED3-8BF4-84E95C1DE967}.Debug|Any CPU.Build.0 = Debug|Any CPU
		{4CBE00FC-85BB-4ED3-8BF4-84E95C1DE967}.Release|Any CPU.ActiveCfg = Release|Any CPU
		{4CBE00FC-85BB-4ED3-8BF4-84E95C1DE967}.Release|Any CPU.Build.0 = Release|Any CPU
		{3D1F49EC-DDC7-40B0-92E3-4EA853DE1DCC}.Debug|Any CPU.ActiveCfg = Debug|Any CPU
		{3D1F49EC-DDC7-40B0-92E3-4EA853DE1DCC}.Debug|Any CPU.Build.0 = Debug|Any CPU
		{3D1F49EC-DDC7-40B0-92E3-4EA853DE1DCC}.Release|Any CPU.ActiveCfg = Release|Any CPU
		{3D1F49EC-DDC7-40B0-92E3-4EA853DE1DCC}.Release|Any CPU.Build.0 = Release|Any CPU
		{554B02F5-3636-4AAB-90F7-CDAADFCA6F9B}.Debug|Any CPU.ActiveCfg = Debug|Any CPU
		{554B02F5-3636-4AAB-90F7-CDAADFCA6F9B}.Debug|Any CPU.Build.0 = Debug|Any CPU
		{554B02F5-3636-4AAB-90F7-CDAADFCA6F9B}.Release|Any CPU.ActiveCfg = Release|Any CPU
		{554B02F5-3636-4AAB-90F7-CDAADFCA6F9B}.Release|Any CPU.Build.0 = Release|Any CPU
	EndGlobalSection
	GlobalSection(SolutionProperties) = preSolution
		HideSolutionNode = FALSE
	EndGlobalSection
	GlobalSection(ExtensibilityGlobals) = postSolution
		SolutionGuid = {0BBD3CB9-59CA-4129-B358-9ED8FB07A835}
	EndGlobalSection
EndGlobal
